{
  "name": "apollo-client-memory-tests",
  "lockfileVersion": 3,
  "requires": true,
  "packages": {
    "": {
      "name": "apollo-client-memory-tests",
      "dependencies": {
        "@apollo/client": "file:../../dist",
        "graphql": "^17.0.0"
      }
    },
    "../../dist": {
      "name": "@apollo/client",
      "version": "4.0.0-alpha.1",
      "license": "MIT",
      "dependencies": {
        "@graphql-typed-document-node/core": "^3.1.1",
        "@wry/caches": "^1.0.0",
        "@wry/equality": "^0.5.6",
        "@wry/trie": "^0.5.0",
        "graphql-tag": "^2.12.6",
        "optimism": "^0.18.0",
        "tslib": "^2.3.0"
      },
      "peerDependencies": {
        "graphql": "^15.0.0 || ^16.0.0",
        "graphql-ws": "^5.5.5 || ^6.0.3",
        "react": "^17.0.0 || ^18.0.0 || >=19.0.0-rc",
        "react-dom": "^17.0.0 || ^18.0.0 || >=19.0.0-rc",
        "rxjs": "^7.8.0",
        "subscriptions-transport-ws": "^0.9.0 || ^0.11.0"
      },
      "peerDependenciesMeta": {
        "graphql-ws": {
          "optional": true
        },
        "react": {
          "optional": true
        },
        "react-dom": {
          "optional": true
        },
        "subscriptions-transport-ws": {
          "optional": true
        }
      }
    },
    "node_modules/@apollo/client": {
      "resolved": "../../dist",
      "link": true
    },
    "node_modules/graphql": {
      "version": "17.0.1",
      "resolved": "https://registry.npmjs.org/graphql/-/graphql-17.0.1.tgz",
      "integrity": "sha512-8eWbg5Zcv/8o20nzEjHUGPTj20MLFJjc5kagbIPxbaeGxvFwpitJhemEC/k17n5+UD4M/9ea5rTuce78mELujQ==",
      "license": "MIT",
      "engines": {
        "node": "^22.0.0 || ^24.0.0 || ^25.0.0 || >=26.0.0"
      }
    }
  }
}
