{
  "name": "apollo-boost",
  "version": "0.1.22",
  "lockfileVersion": 1,
  "requires": true,
  "dependencies": {
    "apollo-cache": {
      "version": "file:../apollo-cache",
      "requires": {
        "apollo-utilities": "file:../apollo-utilities"
      },
      "dependencies": {
        "apollo-utilities": {
          "version": "file:../apollo-utilities",
          "bundled": true,
          "requires": {
            "fast-json-stable-stringify": "2.0.0",
            "fclone": "1.0.11"
          },
          "dependencies": {
            "fast-json-stable-stringify": {
              "version": "2.0.0",
              "bundled": true
            },
            "fclone": {
              "version": "1.0.11",
              "bundled": true
            }
          }
        }
      }
    },
    "apollo-cache-inmemory": {
      "version": "file:../apollo-cache-inmemory",
      "requires": {
        "apollo-cache": "file:../apollo-cache",
        "apollo-utilities": "file:../apollo-utilities"
      },
      "dependencies": {
        "apollo-cache": {
          "version": "file:../apollo-cache",
          "bundled": true,
          "requires": {
            "apollo-utilities": "file:../apollo-utilities"
          },
          "dependencies": {
            "apollo-utilities": {
              "version": "file:../apollo-utilities",
              "bundled": true,
              "requires": {
                "fast-json-stable-stringify": "2.0.0",
                "fclone": "1.0.11"
              },
              "dependencies": {
                "fast-json-stable-stringify": {
                  "version": "2.0.0",
                  "bundled": true
                },
                "fclone": {
                  "version": "1.0.11",
                  "bundled": true
                }
              }
            }
          }
        },
        "apollo-utilities": {
          "version": "file:../apollo-utilities",
          "bundled": true,
          "requires": {
            "fast-json-stable-stringify": "2.0.0",
            "fclone": "1.0.11"
          },
          "dependencies": {
            "fast-json-stable-stringify": {
              "version": "2.0.0",
              "bundled": true
            },
            "fclone": {
              "version": "1.0.11",
              "bundled": true
            }
          }
        },
        "graphql-anywhere": {
          "version": "file:../graphql-anywhere",
          "bundled": true,
          "requires": {
            "apollo-utilities": "file:../apollo-utilities"
          },
          "dependencies": {
            "apollo-utilities": {
              "version": "file:../apollo-utilities",
              "bundled": true,
              "requires": {
                "fast-json-stable-stringify": "2.0.0",
                "fclone": "1.0.11"
              },
              "dependencies": {
                "fast-json-stable-stringify": {
                  "version": "2.0.0",
                  "bundled": true
                },
                "fclone": {
                  "version": "1.0.11",
                  "bundled": true
                }
              }
            }
          }
        }
      }
    },
    "apollo-client": {
      "version": "file:../apollo-client",
      "requires": {
        "@types/async": "2.0.50",
        "@types/zen-observable": "^0.8.0",
        "apollo-cache": "file:../apollo-cache",
        "apollo-link": "^1.0.0",
        "apollo-link-dedup": "^1.0.0",
        "apollo-utilities": "file:../apollo-utilities",
        "symbol-observable": "^1.0.2",
        "zen-observable": "^0.8.0"
      },
      "dependencies": {
        "@types/async": {
          "version": "2.0.50",
          "bundled": true,
          "optional": true
        },
        "@types/zen-observable": {
          "version": "0.8.0",
          "bundled": true
        },
        "apollo-cache": {
          "version": "file:../apollo-cache",
          "bundled": true,
          "requires": {
            "apollo-utilities": "file:../apollo-utilities"
          },
          "dependencies": {
            "apollo-utilities": {
              "version": "file:../apollo-utilities",
              "bundled": true,
              "requires": {
                "fast-json-stable-stringify": "2.0.0",
                "fclone": "1.0.11"
              },
              "dependencies": {
                "fast-json-stable-stringify": {
                  "version": "2.0.0",
                  "bundled": true
                },
                "fclone": {
                  "version": "1.0.11",
                  "bundled": true
                }
              }
            }
          }
        },
        "apollo-link": {
          "version": "1.2.3",
          "bundled": true,
          "requires": {
            "zen-observable-ts": "0.8.10"
          }
        },
        "apollo-link-dedup": {
          "version": "1.0.10",
          "bundled": true,
          "requires": {
            "apollo-link": "1.2.3"
          }
        },
        "apollo-utilities": {
          "version": "file:../apollo-utilities",
          "bundled": true,
          "requires": {
            "fast-json-stable-stringify": "2.0.0",
            "fclone": "1.0.11"
          },
          "dependencies": {
            "fast-json-stable-stringify": {
              "version": "2.0.0",
              "bundled": true
            },
            "fclone": {
              "version": "1.0.11",
              "bundled": true
            }
          }
        },
        "symbol-observable": {
          "version": "1.2.0",
          "bundled": true
        },
        "zen-observable": {
          "version": "0.8.9",
          "bundled": true
        },
        "zen-observable-ts": {
          "version": "0.8.10",
          "bundled": true,
          "requires": {
            "zen-observable": "0.8.9"
          }
        }
      }
    },
    "apollo-link": {
      "version": "1.2.3",
      "resolved": "https://registry.npmjs.org/apollo-link/-/apollo-link-1.2.3.tgz",
      "integrity": "sha512-iL9yS2OfxYhigme5bpTbmRyC+Htt6tyo2fRMHT3K1XRL/C5IQDDz37OjpPy4ndx7WInSvfSZaaOTKFja9VWqSw==",
      "requires": {
        "apollo-utilities": "^1.0.0",
        "zen-observable-ts": "^0.8.10"
      }
    },
    "apollo-link-error": {
      "version": "1.1.1",
      "resolved": "https://registry.npmjs.org/apollo-link-error/-/apollo-link-error-1.1.1.tgz",
      "integrity": "sha512-/yPcaQWcBdB94vpJ4FsiCJt1dAGGRm+6Tsj3wKwP+72taBH+UsGRQQZk7U/1cpZwl1yqhHZn+ZNhVOebpPcIlA==",
      "requires": {
        "apollo-link": "^1.2.3"
      }
    },
    "apollo-link-http": {
      "version": "1.5.5",
      "resolved": "https://registry.npmjs.org/apollo-link-http/-/apollo-link-http-1.5.5.tgz",
      "integrity": "sha512-C5N6N/mRwmepvtzO27dgMEU3MMtRKSqcljBkYNZmWwH11BxkUQ5imBLPM3V4QJXNE7NFuAQAB5PeUd4ligivTQ==",
      "requires": {
        "apollo-link": "^1.2.3",
        "apollo-link-http-common": "^0.2.5"
      }
    },
    "apollo-link-http-common": {
      "version": "0.2.5",
      "resolved": "https://registry.npmjs.org/apollo-link-http-common/-/apollo-link-http-common-0.2.5.tgz",
      "integrity": "sha512-6FV1wr5AqAyJ64Em1dq5hhGgiyxZE383VJQmhIoDVc3MyNcFL92TkhxREOs4rnH2a9X2iJMko7nodHSGLC6d8w==",
      "requires": {
        "apollo-link": "^1.2.3"
      }
    },
    "apollo-link-state": {
      "version": "0.4.2",
      "resolved": "https://registry.npmjs.org/apollo-link-state/-/apollo-link-state-0.4.2.tgz",
      "integrity": "sha512-xMPcAfuiPVYXaLwC6oJFIZrKgV3GmdO31Ag2eufRoXpvT0AfJZjdaPB4450Nu9TslHRePN9A3quxNueILlQxlw==",
      "requires": {
        "apollo-utilities": "^1.0.8",
        "graphql-anywhere": "^4.1.0-alpha.0"
      }
    },
    "apollo-utilities": {
      "version": "1.0.21",
      "resolved": "https://registry.npmjs.org/apollo-utilities/-/apollo-utilities-1.0.21.tgz",
      "integrity": "sha512-ZcxELlEl+sDCYBgEMdNXJAsZtRVm8wk4HIA58bMsqYfd1DSAJQEtZ93F0GZgYNAGy3QyaoBeZtbb0/01++G8JQ==",
      "requires": {
        "fast-json-stable-stringify": "^2.0.0",
        "fclone": "^1.0.11"
      },
      "dependencies": {
        "fast-json-stable-stringify": {
          "version": "2.0.0",
          "resolved": "https://registry.npmjs.org/fast-json-stable-stringify/-/fast-json-stable-stringify-2.0.0.tgz",
          "integrity": "sha1-1RQsDK7msRifh9OnYREGT4bIu/I="
        },
        "fclone": {
          "version": "1.0.11",
          "resolved": "https://registry.npmjs.org/fclone/-/fclone-1.0.11.tgz",
          "integrity": "sha1-EOhdo4v+p/xZk0HClu4ddyZu5kA="
        }
      }
    },
    "graphql-anywhere": {
      "version": "4.1.19",
      "resolved": "https://registry.npmjs.org/graphql-anywhere/-/graphql-anywhere-4.1.19.tgz",
      "integrity": "sha512-mQlvbECzYPBcgBC9JsdM4v+DSvNmcIP+8Vwr+ij3gktbaLSE0Iza30mztuz40Jlf7ooMs+0emBZucNjLzqz7tA==",
      "requires": {
        "apollo-utilities": "^1.0.21"
      }
    },
    "graphql-tag": {
      "version": "2.9.2",
      "resolved": "https://registry.npmjs.org/graphql-tag/-/graphql-tag-2.9.2.tgz",
      "integrity": "sha512-qnNmof9pAqj/LUzs3lStP0Gw1qhdVCUS7Ab7+SUB6KD5aX1uqxWQRwMnOGTkhKuLvLNIs1TvNz+iS9kUGl1MhA=="
    },
    "zen-observable": {
      "version": "0.8.9",
      "resolved": "https://registry.npmjs.org/zen-observable/-/zen-observable-0.8.9.tgz",
      "integrity": "sha512-Y9kPzjGvIZ5jchSlqlCpBW3I82zBBL4z+ulXDRVA1NwsKzjt5kwAi+gOYIy0htNkfuehGZZtP5mRXHRV6TjDWw=="
    },
    "zen-observable-ts": {
      "version": "0.8.10",
      "resolved": "https://registry.npmjs.org/zen-observable-ts/-/zen-observable-ts-0.8.10.tgz",
      "integrity": "sha512-5vqMtRggU/2GhePC9OU4sYEWOdvmayp2k3gjPf4F0mXwB3CSbbNznfDUvDJx9O2ZTa1EIXdJhPchQveFKwNXPQ==",
      "requires": {
        "zen-observable": "^0.8.0"
      }
    }
  }
}
