{
  "name": "apollo-boost",
  "version": "0.3.1",
  "lockfileVersion": 1,
  "requires": true,
  "dependencies": {
    "apollo-cache": {
      "version": "file:../apollo-cache",
      "requires": {
        "apollo-utilities": "file:../apollo-utilities"
      },
      "dependencies": {
        "apollo-utilities": {
          "version": "file:../apollo-utilities",
          "bundled": true,
          "requires": {
            "fast-json-stable-stringify": "^2.0.0"
          },
          "dependencies": {
            "fast-json-stable-stringify": {
              "version": "2.0.0",
              "bundled": true
            }
          }
        }
      }
    },
    "apollo-cache-inmemory": {
      "version": "file:../apollo-cache-inmemory",
      "requires": {
        "apollo-cache": "file:../apollo-cache",
        "apollo-utilities": "file:../apollo-utilities",
        "optimism": "^0.6.9"
      },
      "dependencies": {
        "apollo-cache": {
          "version": "file:../apollo-cache",
          "bundled": true,
          "requires": {
            "apollo-utilities": "file:../apollo-utilities"
          },
          "dependencies": {
            "apollo-utilities": {
              "version": "file:../apollo-utilities",
              "bundled": true,
              "requires": {
                "fast-json-stable-stringify": "^2.0.0"
              },
              "dependencies": {
                "fast-json-stable-stringify": {
                  "version": "2.0.0",
                  "bundled": true
                }
              }
            }
          }
        },
        "apollo-utilities": {
          "version": "file:../apollo-utilities",
          "bundled": true,
          "requires": {
            "fast-json-stable-stringify": "^2.0.0"
          },
          "dependencies": {
            "fast-json-stable-stringify": {
              "version": "2.0.0",
              "bundled": true
            }
          }
        },
        "immutable-tuple": {
          "version": "0.4.9",
          "bundled": true
        },
        "optimism": {
          "version": "0.6.9",
          "bundled": true,
          "requires": {
            "immutable-tuple": "^0.4.9"
          }
        }
      }
    },
    "apollo-client": {
      "version": "file:../apollo-client",
      "requires": {
        "@types/zen-observable": "^0.8.0",
        "apollo-cache": "file:../apollo-cache",
        "apollo-link": "^1.0.0",
        "apollo-link-dedup": "^1.0.0",
        "apollo-utilities": "file:../apollo-utilities",
        "symbol-observable": "^1.0.2",
        "zen-observable": "^0.8.0"
      },
      "dependencies": {
        "@types/zen-observable": {
          "version": "0.8.0",
          "bundled": true
        },
        "apollo-cache": {
          "version": "file:../apollo-cache",
          "bundled": true,
          "requires": {
            "apollo-utilities": "file:../apollo-utilities"
          },
          "dependencies": {
            "apollo-utilities": {
              "version": "file:../apollo-utilities",
              "bundled": true,
              "requires": {
                "fast-json-stable-stringify": "^2.0.0"
              },
              "dependencies": {
                "fast-json-stable-stringify": {
                  "version": "2.0.0",
                  "bundled": true
                }
              }
            }
          }
        },
        "apollo-link": {
          "version": "1.2.6",
          "bundled": true,
          "requires": {
            "apollo-utilities": "^1.0.0",
            "zen-observable-ts": "^0.8.13"
          }
        },
        "apollo-link-dedup": {
          "version": "1.0.13",
          "bundled": true,
          "requires": {
            "apollo-link": "^1.2.6"
          }
        },
        "apollo-utilities": {
          "version": "file:../apollo-utilities",
          "bundled": true,
          "requires": {
            "fast-json-stable-stringify": "^2.0.0"
          },
          "dependencies": {
            "fast-json-stable-stringify": {
              "version": "2.0.0",
              "bundled": true
            }
          }
        },
        "symbol-observable": {
          "version": "1.2.0",
          "bundled": true
        },
        "zen-observable": {
          "version": "0.8.11",
          "bundled": true
        },
        "zen-observable-ts": {
          "version": "0.8.13",
          "bundled": true,
          "requires": {
            "zen-observable": "^0.8.0"
          }
        }
      }
    },
    "apollo-link": {
      "version": "1.2.6",
      "resolved": "https://registry.npmjs.org/apollo-link/-/apollo-link-1.2.6.tgz",
      "integrity": "sha512-sUNlA20nqIF3gG3F8eyMD+mO80fmf3dPZX+GUOs3MI9oZR8ug09H3F0UsWJMcpEg6h55Yy5wZ+BMmAjrbenF/Q==",
      "requires": {
        "apollo-utilities": "^1.0.0",
        "zen-observable-ts": "^0.8.13"
      }
    },
    "apollo-link-error": {
      "version": "1.1.5",
      "resolved": "https://registry.npmjs.org/apollo-link-error/-/apollo-link-error-1.1.5.tgz",
      "integrity": "sha512-gE0P711K+rI3QcTzfYhzRI9axXaiuq/emu8x8Y5NHK9jl9wxh7qmEc3ZTyGpnGFDDTXfhalmX17X5lp3RCVHDQ==",
      "requires": {
        "apollo-link": "^1.2.6",
        "apollo-link-http-common": "^0.2.8"
      }
    },
    "apollo-link-http": {
      "version": "1.5.9",
      "resolved": "https://registry.npmjs.org/apollo-link-http/-/apollo-link-http-1.5.9.tgz",
      "integrity": "sha512-9tJy2zGm4Cm/1ycScDNZJe51dgnTSfKx7pKIgPZmcxkdDpgUY2DZitDH6ZBv4yp9z8MC9Xr9wgwc29s6hcadUQ==",
      "requires": {
        "apollo-link": "^1.2.6",
        "apollo-link-http-common": "^0.2.8"
      }
    },
    "apollo-link-http-common": {
      "version": "0.2.8",
      "resolved": "https://registry.npmjs.org/apollo-link-http-common/-/apollo-link-http-common-0.2.8.tgz",
      "integrity": "sha512-gGmXZN8mr7e9zjopzKQfZ7IKnh8H12NxBDzvp9nXI3U82aCVb72p+plgoYLcpMY8w6krvoYjgicFmf8LO20TCQ==",
      "requires": {
        "apollo-link": "^1.2.6"
      }
    },
    "apollo-link-state": {
      "version": "0.4.2",
      "resolved": "https://registry.npmjs.org/apollo-link-state/-/apollo-link-state-0.4.2.tgz",
      "integrity": "sha512-xMPcAfuiPVYXaLwC6oJFIZrKgV3GmdO31Ag2eufRoXpvT0AfJZjdaPB4450Nu9TslHRePN9A3quxNueILlQxlw==",
      "requires": {
        "apollo-utilities": "^1.0.8",
        "graphql-anywhere": "^4.1.0-alpha.0"
      }
    },
    "apollo-utilities": {
      "version": "1.1.1",
      "resolved": "https://registry.npmjs.org/apollo-utilities/-/apollo-utilities-1.1.1.tgz",
      "integrity": "sha512-C/q1Xot74SrJjkxNc6hr7VDCNTUoGGJYt/ZKyefIwBp4MoxWVp3Ii4cOuI1vYk0TNT0lWM4bNnE5vFfSJ3ocnQ==",
      "requires": {
        "fast-json-stable-stringify": "^2.0.0"
      },
      "dependencies": {
        "fast-json-stable-stringify": {
          "version": "2.0.0",
          "resolved": "https://registry.npmjs.org/fast-json-stable-stringify/-/fast-json-stable-stringify-2.0.0.tgz",
          "integrity": "sha1-1RQsDK7msRifh9OnYREGT4bIu/I="
        }
      }
    },
    "graphql-tag": {
      "version": "2.10.1",
      "resolved": "https://registry.npmjs.org/graphql-tag/-/graphql-tag-2.10.1.tgz",
      "integrity": "sha512-jApXqWBzNXQ8jYa/HLkZJaVw9jgwNqZkywa2zfFn16Iv1Zb7ELNHkJaXHR7Quvd5SIGsy6Ny7SUKATgnu05uEg=="
    },
    "ts-invariant": {
      "version": "0.4.0",
      "resolved": "https://registry.npmjs.org/ts-invariant/-/ts-invariant-0.4.0.tgz",
      "integrity": "sha512-dI1qXTqHx/QP6SvwSCen4sEza+CtB9KvHQREdpMVRzt05VlSPEfNxus4PsJWdK9ZfiI4yJnAB8j3+jcD3ct21g==",
      "requires": {
        "tslib": "^1.9.3"
      }
    },
    "tslib": {
      "version": "1.9.3",
      "resolved": "https://registry.npmjs.org/tslib/-/tslib-1.9.3.tgz",
      "integrity": "sha512-4krF8scpejhaOgqzBEcGM7yDIEfi0/8+8zDRZhNZZ2kjmHJ4hv3zCbQWxoJGz1iw5U0Jl0nma13xzHXcncMavQ=="
    },
    "zen-observable": {
      "version": "0.8.11",
      "resolved": "https://registry.npmjs.org/zen-observable/-/zen-observable-0.8.11.tgz",
      "integrity": "sha512-N3xXQVr4L61rZvGMpWe8XoCGX8vhU35dPyQ4fm5CY/KDlG0F75un14hjbckPXTDuKUY6V0dqR2giT6xN8Y4GEQ=="
    },
    "zen-observable-ts": {
      "version": "0.8.13",
      "resolved": "https://registry.npmjs.org/zen-observable-ts/-/zen-observable-ts-0.8.13.tgz",
      "integrity": "sha512-WDb8SM0tHCb6c0l1k60qXWlm1ok3zN9U4VkLdnBKQwIYwUoB9psH7LIFgR+JVCCMmBxUgOjskIid8/N02k/2Bg==",
      "requires": {
        "zen-observable": "^0.8.0"
      }
    }
  }
}
