{
  "name": "graphql-anywhere",
  "version": "4.1.23",
  "lockfileVersion": 1,
  "requires": true,
  "dependencies": {
    "apollo-utilities": {
      "version": "file:../apollo-utilities",
      "requires": {
        "fast-json-stable-stringify": "^2.0.0"
      },
      "dependencies": {
        "fast-json-stable-stringify": {
          "version": "2.0.0",
          "bundled": true
        },
        "fclone": {
          "version": "1.0.11",
          "bundled": true
        }
      }
    }
  }
}
