{
  "name": "graphql-anywhere",
  "version": "4.2.1",
  "lockfileVersion": 1,
  "requires": true,
  "dependencies": {
    "apollo-utilities": {
      "version": "file:../apollo-utilities",
      "requires": {
        "fast-json-stable-stringify": "^2.0.0",
        "ts-invariant": "^0.3.2",
        "tslib": "^1.9.3"
      }
    },
    "ts-invariant": {
      "version": "0.3.2",
      "resolved": "https://registry.npmjs.org/ts-invariant/-/ts-invariant-0.3.2.tgz",
      "integrity": "sha512-QsY8BCaRnHiB5T6iE4DPlJMAKEG3gzMiUco9FEt1jUXQf0XP6zi0idT0i0rMTu8A326JqNSDsmlkA9dRSh1TRg==",
      "requires": {
        "tslib": "^1.9.3"
      }
    },
    "tslib": {
      "version": "1.9.3",
      "resolved": "https://registry.npmjs.org/tslib/-/tslib-1.9.3.tgz",
      "integrity": "sha512-4krF8scpejhaOgqzBEcGM7yDIEfi0/8+8zDRZhNZZ2kjmHJ4hv3zCbQWxoJGz1iw5U0Jl0nma13xzHXcncMavQ=="
    }
  }
}
