{
  "name": "apollo-cache",
  "version": "1.2.1",
  "lockfileVersion": 1,
  "requires": true,
  "dependencies": {
    "apollo-utilities": {
      "version": "file:../apollo-utilities",
      "requires": {
        "fast-json-stable-stringify": "^2.0.0"
      },
      "dependencies": {
        "fast-json-stable-stringify": {
          "version": "2.0.0",
          "bundled": true
        },
        "fclone": {
          "version": "1.0.11",
          "bundled": true
        }
      }
    },
    "tslib": {
      "version": "1.9.3",
      "resolved": "https://registry.npmjs.org/tslib/-/tslib-1.9.3.tgz",
      "integrity": "sha512-4krF8scpejhaOgqzBEcGM7yDIEfi0/8+8zDRZhNZZ2kjmHJ4hv3zCbQWxoJGz1iw5U0Jl0nma13xzHXcncMavQ=="
    }
  }
}
