{
  "name": "apollo-cache-inmemory",
  "version": "1.6.5",
  "lockfileVersion": 1,
  "requires": true,
  "dependencies": {
    "@types/node": {
      "version": "12.12.17",
      "resolved": "https://registry.npmjs.org/@types/node/-/node-12.12.17.tgz",
      "integrity": "sha512-Is+l3mcHvs47sKy+afn2O1rV4ldZFU7W8101cNlOd+MRbjM4Onida8jSZnJdTe/0Pcf25g9BNIUsuugmE6puHA=="
    },
    "@wry/context": {
      "version": "0.4.4",
      "resolved": "https://registry.npmjs.org/@wry/context/-/context-0.4.4.tgz",
      "integrity": "sha512-LrKVLove/zw6h2Md/KZyWxIkFM6AoyKp71OqpH9Hiip1csjPVoD3tPxlbQUNxEnHENks3UGgNpSBCAfq9KWuag==",
      "requires": {
        "@types/node": ">=6",
        "tslib": "^1.9.3"
      }
    },
    "apollo-cache": {
      "version": "file:../apollo-cache",
      "requires": {
        "apollo-utilities": "file:../apollo-utilities",
        "tslib": "^1.10.0"
      },
      "dependencies": {
        "apollo-utilities": {
          "version": "file:../apollo-utilities",
          "requires": {
            "@wry/equality": "^0.1.2",
            "fast-json-stable-stringify": "^2.0.0",
            "ts-invariant": "^0.4.0",
            "tslib": "^1.9.3"
          },
          "dependencies": {
            "@wry/equality": {
              "version": "0.1.9",
              "resolved": "https://registry.npmjs.org/@wry/equality/-/equality-0.1.9.tgz",
              "integrity": "sha512-mB6ceGjpMGz1ZTza8HYnrPGos2mC6So4NhS1PtZ8s4Qt0K7fBiIGhpSxUbQmhwcSWE3no+bYxmI2OL6KuXYmoQ==",
              "requires": {
                "tslib": "^1.9.3"
              }
            },
            "fast-json-stable-stringify": {
              "version": "2.0.0",
              "resolved": "https://registry.npmjs.org/fast-json-stable-stringify/-/fast-json-stable-stringify-2.0.0.tgz",
              "integrity": "sha1-1RQsDK7msRifh9OnYREGT4bIu/I="
            },
            "fclone": {
              "version": "1.0.11",
              "resolved": "https://registry.npmjs.org/fclone/-/fclone-1.0.11.tgz",
              "integrity": "sha1-EOhdo4v+p/xZk0HClu4ddyZu5kA="
            },
            "ts-invariant": {
              "version": "0.4.4",
              "resolved": "https://registry.npmjs.org/ts-invariant/-/ts-invariant-0.4.4.tgz",
              "integrity": "sha512-uEtWkFM/sdZvRNNDL3Ehu4WVpwaulhwQszV8mrtcdeE8nN00BV9mAmQ88RkrBhFgl9gMgvjJLAQcZbnPXI9mlA==",
              "requires": {
                "tslib": "^1.9.3"
              }
            },
            "tslib": {
              "version": "1.10.0",
              "resolved": "https://registry.npmjs.org/tslib/-/tslib-1.10.0.tgz",
              "integrity": "sha512-qOebF53frne81cf0S9B41ByenJ3/IuH8yJKngAX35CmiZySA0khhkovshKK+jGCaMnVomla7gVlIcc3EvKPbTQ=="
            }
          }
        },
        "tslib": {
          "version": "1.10.0",
          "resolved": "https://registry.npmjs.org/tslib/-/tslib-1.10.0.tgz",
          "integrity": "sha512-qOebF53frne81cf0S9B41ByenJ3/IuH8yJKngAX35CmiZySA0khhkovshKK+jGCaMnVomla7gVlIcc3EvKPbTQ=="
        }
      }
    },
    "apollo-utilities": {
      "version": "file:../apollo-utilities",
      "requires": {
        "@wry/equality": "^0.1.2",
        "fast-json-stable-stringify": "^2.0.0",
        "ts-invariant": "^0.4.0",
        "tslib": "^1.9.3"
      },
      "dependencies": {
        "@wry/equality": {
          "version": "0.1.9",
          "resolved": "https://registry.npmjs.org/@wry/equality/-/equality-0.1.9.tgz",
          "integrity": "sha512-mB6ceGjpMGz1ZTza8HYnrPGos2mC6So4NhS1PtZ8s4Qt0K7fBiIGhpSxUbQmhwcSWE3no+bYxmI2OL6KuXYmoQ==",
          "requires": {
            "tslib": "^1.9.3"
          }
        },
        "fast-json-stable-stringify": {
          "version": "2.0.0",
          "resolved": "https://registry.npmjs.org/fast-json-stable-stringify/-/fast-json-stable-stringify-2.0.0.tgz",
          "integrity": "sha1-1RQsDK7msRifh9OnYREGT4bIu/I="
        },
        "ts-invariant": {
          "version": "0.4.4",
          "resolved": "https://registry.npmjs.org/ts-invariant/-/ts-invariant-0.4.4.tgz",
          "integrity": "sha512-uEtWkFM/sdZvRNNDL3Ehu4WVpwaulhwQszV8mrtcdeE8nN00BV9mAmQ88RkrBhFgl9gMgvjJLAQcZbnPXI9mlA==",
          "requires": {
            "tslib": "^1.9.3"
          }
        },
        "tslib": {
          "version": "1.10.0",
          "resolved": "https://registry.npmjs.org/tslib/-/tslib-1.10.0.tgz",
          "integrity": "sha512-qOebF53frne81cf0S9B41ByenJ3/IuH8yJKngAX35CmiZySA0khhkovshKK+jGCaMnVomla7gVlIcc3EvKPbTQ=="
        }
      }
    },
    "optimism": {
      "version": "0.10.3",
      "resolved": "https://registry.npmjs.org/optimism/-/optimism-0.10.3.tgz",
      "integrity": "sha512-9A5pqGoQk49H6Vhjb9kPgAeeECfUDF6aIICbMDL23kDLStBn1MWk3YvcZ4xWF9CsSf6XEgvRLkXy4xof/56vVw==",
      "requires": {
        "@wry/context": "^0.4.0"
      }
    },
    "ts-invariant": {
      "version": "0.4.0",
      "resolved": "https://registry.npmjs.org/ts-invariant/-/ts-invariant-0.4.0.tgz",
      "integrity": "sha512-dI1qXTqHx/QP6SvwSCen4sEza+CtB9KvHQREdpMVRzt05VlSPEfNxus4PsJWdK9ZfiI4yJnAB8j3+jcD3ct21g==",
      "requires": {
        "tslib": "^1.9.3"
      }
    },
    "tslib": {
      "version": "1.10.0",
      "resolved": "https://registry.npmjs.org/tslib/-/tslib-1.10.0.tgz",
      "integrity": "sha512-qOebF53frne81cf0S9B41ByenJ3/IuH8yJKngAX35CmiZySA0khhkovshKK+jGCaMnVomla7gVlIcc3EvKPbTQ=="
    }
  }
}
