{
  "name": "apollo-cache-inmemory",
  "version": "1.4.0",
  "lockfileVersion": 1,
  "requires": true,
  "dependencies": {
    "apollo-cache": {
      "version": "file:../apollo-cache",
      "requires": {
        "apollo-utilities": "file:../apollo-utilities"
      },
      "dependencies": {
        "apollo-utilities": {
          "version": "file:../apollo-utilities",
          "bundled": true,
          "requires": {
            "fast-json-stable-stringify": "^2.0.0"
          },
          "dependencies": {
            "fast-json-stable-stringify": {
              "version": "2.0.0",
              "bundled": true
            }
          }
        }
      }
    },
    "apollo-utilities": {
      "version": "file:../apollo-utilities",
      "requires": {
        "fast-json-stable-stringify": "^2.0.0"
      },
      "dependencies": {
        "fast-json-stable-stringify": {
          "version": "2.0.0",
          "bundled": true
        }
      }
    },
    "immutable-tuple": {
      "version": "0.4.9",
      "resolved": "https://registry.npmjs.org/immutable-tuple/-/immutable-tuple-0.4.9.tgz",
      "integrity": "sha512-LWbJPZnidF8eczu7XmcnLBsumuyRBkpwIRPCZxlojouhBo5jEBO4toj6n7hMy6IxHU/c+MqDSWkvaTpPlMQcyA=="
    },
    "optimism": {
      "version": "0.6.9",
      "resolved": "https://registry.npmjs.org/optimism/-/optimism-0.6.9.tgz",
      "integrity": "sha512-xoQm2lvXbCA9Kd7SCx6y713Y7sZ6fUc5R6VYpoL5M6svKJbTuvtNopexK8sO8K4s0EOUYHuPN2+yAEsNyRggkQ==",
      "requires": {
        "immutable-tuple": "^0.4.9"
      }
    }
  }
}
