{
  "name": "apollo-cache-inmemory",
  "version": "1.2.10",
  "lockfileVersion": 1,
  "requires": true,
  "dependencies": {
    "apollo-cache": {
      "version": "file:../apollo-cache",
      "requires": {
        "apollo-utilities": "file:../apollo-utilities"
      },
      "dependencies": {
        "apollo-utilities": {
          "version": "file:../apollo-utilities",
          "bundled": true,
          "requires": {
            "fast-json-stable-stringify": "2.0.0",
            "fclone": "1.0.11"
          },
          "dependencies": {
            "fast-json-stable-stringify": {
              "version": "2.0.0",
              "bundled": true
            },
            "fclone": {
              "version": "1.0.11",
              "bundled": true
            }
          }
        }
      }
    },
    "apollo-utilities": {
      "version": "file:../apollo-utilities",
      "requires": {
        "fast-json-stable-stringify": "2.0.0",
        "fclone": "1.0.11"
      },
      "dependencies": {
        "fast-json-stable-stringify": {
          "version": "2.0.0",
          "bundled": true
        },
        "fclone": {
          "version": "1.0.11",
          "bundled": true
        }
      }
    },
    "graphql-anywhere": {
      "version": "file:../graphql-anywhere",
      "requires": {
        "apollo-utilities": "file:../apollo-utilities"
      },
      "dependencies": {
        "apollo-utilities": {
          "version": "file:../apollo-utilities",
          "bundled": true,
          "requires": {
            "fast-json-stable-stringify": "2.0.0",
            "fclone": "1.0.11"
          },
          "dependencies": {
            "fast-json-stable-stringify": {
              "version": "2.0.0",
              "bundled": true
            },
            "fclone": {
              "version": "1.0.11",
              "bundled": true
            }
          }
        }
      }
    }
  }
}
