{
  "name": "apollo-client",
  "version": "2.4.1",
  "lockfileVersion": 1,
  "requires": true,
  "dependencies": {
    "@types/async": {
      "version": "2.0.49",
      "resolved": "https://registry.npmjs.org/@types/async/-/async-2.0.49.tgz",
      "integrity": "sha512-Benr3i5odUkvpFkOpzGqrltGdbSs+EVCkEBGXbuR7uT0VzhXKIkhem6PDzHdx5EonA+rfbB3QvP6aDOw5+zp5Q==",
      "optional": true
    },
    "@types/zen-observable": {
      "version": "0.8.0",
      "resolved": "https://registry.npmjs.org/@types/zen-observable/-/zen-observable-0.8.0.tgz",
      "integrity": "sha512-te5lMAWii1uEJ4FwLjzdlbw3+n0FZNOvFXHxQDKeT0dilh7HOzdMzV2TrJVUzq8ep7J4Na8OUYPRLSQkJHAlrg=="
    },
    "apollo-cache": {
      "version": "file:../apollo-cache",
      "requires": {
        "apollo-utilities": "file:../apollo-utilities"
      },
      "dependencies": {
        "apollo-utilities": {
          "version": "file:../apollo-utilities",
          "bundled": true,
          "requires": {
            "fast-json-stable-stringify": "^2.0.0",
            "fclone": "^1.0.11"
          },
          "dependencies": {
            "fast-json-stable-stringify": {
              "version": "2.0.0",
              "bundled": true
            },
            "fclone": {
              "version": "1.0.11",
              "bundled": true
            }
          }
        }
      }
    },
    "apollo-link": {
      "version": "1.2.2",
      "resolved": "https://registry.npmjs.org/apollo-link/-/apollo-link-1.2.2.tgz",
      "integrity": "sha512-Uk/BC09dm61DZRDSu52nGq0nFhq7mcBPTjy5EEH1eunJndtCaNXQhQz/BjkI2NdrfGI+B+i5he6YSoRBhYizdw==",
      "requires": {
        "@types/graphql": "0.12.6",
        "apollo-utilities": "^1.0.0",
        "zen-observable-ts": "^0.8.9"
      },
      "dependencies": {
        "@types/graphql": {
          "version": "0.12.6",
          "resolved": "https://registry.npmjs.org/@types/graphql/-/graphql-0.12.6.tgz",
          "integrity": "sha512-wXAVyLfkG1UMkKOdMijVWFky39+OD/41KftzqfX1Oejd0Gm6dOIKjCihSVECg6X7PHjftxXmfOKA/d1H79ZfvQ=="
        },
        "apollo-utilities": {
          "version": "1.0.18",
          "resolved": "https://registry.npmjs.org/apollo-utilities/-/apollo-utilities-1.0.18.tgz",
          "integrity": "sha512-hHrmsoMYzzzfUlTOPpxr0qRpTLotMkBIQ93Ub7ki2SWdLfYYKrp6/KB8YOUkbCwXxSFvYSV24ccuwUEqZIaHIA==",
          "requires": {
            "fast-json-stable-stringify": "^2.0.0"
          }
        }
      }
    },
    "apollo-link-dedup": {
      "version": "1.0.9",
      "resolved": "https://registry.npmjs.org/apollo-link-dedup/-/apollo-link-dedup-1.0.9.tgz",
      "integrity": "sha512-RbuEKpmSHVMtoREMPh2wUFTeh65q+0XPVeqgaOP/rGEAfvLyOMvX0vT2nVaejMohoMxuUnfZwpldXaDFWnlVbg==",
      "requires": {
        "apollo-link": "^1.2.2"
      }
    },
    "apollo-utilities": {
      "version": "file:../apollo-utilities",
      "requires": {
        "fast-json-stable-stringify": "^2.0.0",
        "fclone": "^1.0.11"
      },
      "dependencies": {
        "fast-json-stable-stringify": {
          "version": "2.0.0",
          "bundled": true
        },
        "fclone": {
          "version": "1.0.11",
          "bundled": true
        }
      }
    },
    "fast-json-stable-stringify": {
      "version": "2.0.0",
      "resolved": "https://registry.npmjs.org/fast-json-stable-stringify/-/fast-json-stable-stringify-2.0.0.tgz",
      "integrity": "sha1-1RQsDK7msRifh9OnYREGT4bIu/I="
    },
    "symbol-observable": {
      "version": "1.2.0",
      "resolved": "https://registry.npmjs.org/symbol-observable/-/symbol-observable-1.2.0.tgz",
      "integrity": "sha512-e900nM8RRtGhlV36KGEU9k65K3mPb1WV70OdjfxlG2EAuM1noi/E/BaW/uMhL7bPEssK8QV57vN3esixjUvcXQ=="
    },
    "zen-observable": {
      "version": "0.8.8",
      "resolved": "https://registry.npmjs.org/zen-observable/-/zen-observable-0.8.8.tgz",
      "integrity": "sha512-HnhhyNnwTFzS48nihkCZIJGsWGFcYUz+XPDlPK5W84Ifji8SksC6m7sQWOf8zdCGhzQ4tDYuMYGu5B0N1dXTtg=="
    },
    "zen-observable-ts": {
      "version": "0.8.9",
      "resolved": "https://registry.npmjs.org/zen-observable-ts/-/zen-observable-ts-0.8.9.tgz",
      "integrity": "sha512-KJz2O8FxbAdAU5CSc8qZ1K2WYEJb1HxS6XDRF+hOJ1rOYcg6eTMmS9xYHCXzqZZzKw6BbXWyF4UpwSsBQnHJeA==",
      "requires": {
        "zen-observable": "^0.8.0"
      }
    }
  }
}
