{
  "name": "apollo-client",
  "version": "2.5.1",
  "lockfileVersion": 1,
  "requires": true,
  "dependencies": {
    "@types/zen-observable": {
      "version": "0.8.0",
      "resolved": "https://registry.npmjs.org/@types/zen-observable/-/zen-observable-0.8.0.tgz",
      "integrity": "sha512-te5lMAWii1uEJ4FwLjzdlbw3+n0FZNOvFXHxQDKeT0dilh7HOzdMzV2TrJVUzq8ep7J4Na8OUYPRLSQkJHAlrg=="
    },
    "apollo-cache": {
      "version": "file:../apollo-cache",
      "requires": {
        "apollo-utilities": "file:../apollo-utilities",
        "tslib": "^1.9.3"
      }
    },
    "apollo-link": {
      "version": "1.2.6",
      "resolved": "https://registry.npmjs.org/apollo-link/-/apollo-link-1.2.6.tgz",
      "integrity": "sha512-sUNlA20nqIF3gG3F8eyMD+mO80fmf3dPZX+GUOs3MI9oZR8ug09H3F0UsWJMcpEg6h55Yy5wZ+BMmAjrbenF/Q==",
      "requires": {
        "apollo-utilities": "^1.0.0",
        "zen-observable-ts": "^0.8.13"
      }
    },
    "apollo-utilities": {
      "version": "file:../apollo-utilities",
      "requires": {
        "fast-json-stable-stringify": "^2.0.0",
        "ts-invariant": "^0.3.2",
        "tslib": "^1.9.3"
      }
    },
    "symbol-observable": {
      "version": "1.2.0",
      "resolved": "https://registry.npmjs.org/symbol-observable/-/symbol-observable-1.2.0.tgz",
      "integrity": "sha512-e900nM8RRtGhlV36KGEU9k65K3mPb1WV70OdjfxlG2EAuM1noi/E/BaW/uMhL7bPEssK8QV57vN3esixjUvcXQ=="
    },
    "ts-invariant": {
      "version": "0.4.0",
      "resolved": "https://registry.npmjs.org/ts-invariant/-/ts-invariant-0.4.0.tgz",
      "integrity": "sha512-dI1qXTqHx/QP6SvwSCen4sEza+CtB9KvHQREdpMVRzt05VlSPEfNxus4PsJWdK9ZfiI4yJnAB8j3+jcD3ct21g==",
      "requires": {
        "tslib": "^1.9.3"
      }
    },
    "tslib": {
      "version": "1.9.3",
      "resolved": "https://registry.npmjs.org/tslib/-/tslib-1.9.3.tgz",
      "integrity": "sha512-4krF8scpejhaOgqzBEcGM7yDIEfi0/8+8zDRZhNZZ2kjmHJ4hv3zCbQWxoJGz1iw5U0Jl0nma13xzHXcncMavQ=="
    },
    "zen-observable": {
      "version": "0.8.11",
      "resolved": "https://registry.npmjs.org/zen-observable/-/zen-observable-0.8.11.tgz",
      "integrity": "sha512-N3xXQVr4L61rZvGMpWe8XoCGX8vhU35dPyQ4fm5CY/KDlG0F75un14hjbckPXTDuKUY6V0dqR2giT6xN8Y4GEQ=="
    },
    "zen-observable-ts": {
      "version": "0.8.13",
      "resolved": "https://registry.npmjs.org/zen-observable-ts/-/zen-observable-ts-0.8.13.tgz",
      "integrity": "sha512-WDb8SM0tHCb6c0l1k60qXWlm1ok3zN9U4VkLdnBKQwIYwUoB9psH7LIFgR+JVCCMmBxUgOjskIid8/N02k/2Bg==",
      "requires": {
        "zen-observable": "^0.8.0"
      }
    }
  }
}
