{
  "name": "apollo-utilities",
  "version": "1.3.1",
  "lockfileVersion": 1,
  "requires": true,
  "dependencies": {
    "@wry/equality": {
      "version": "0.1.2",
      "resolved": "https://registry.npmjs.org/@wry/equality/-/equality-0.1.2.tgz",
      "integrity": "sha512-t5xGmz9dKzMcE+2BxRmABY+Zuy1oNZDyoHTVgQmJ5Q3MTQ23Lnah2TPht+0Lwm0M19Mxh5kaD3b0Nij2PK0S2Q==",
      "requires": {
        "tslib": "^1.9.3"
      }
    },
    "fast-json-stable-stringify": {
      "version": "2.0.0",
      "resolved": "https://registry.npmjs.org/fast-json-stable-stringify/-/fast-json-stable-stringify-2.0.0.tgz",
      "integrity": "sha1-1RQsDK7msRifh9OnYREGT4bIu/I="
    },
    "ts-invariant": {
      "version": "0.4.0",
      "resolved": "https://registry.npmjs.org/ts-invariant/-/ts-invariant-0.4.0.tgz",
      "integrity": "sha512-dI1qXTqHx/QP6SvwSCen4sEza+CtB9KvHQREdpMVRzt05VlSPEfNxus4PsJWdK9ZfiI4yJnAB8j3+jcD3ct21g==",
      "requires": {
        "tslib": "^1.9.3"
      }
    },
    "tslib": {
      "version": "1.9.3",
      "resolved": "https://registry.npmjs.org/tslib/-/tslib-1.9.3.tgz",
      "integrity": "sha512-4krF8scpejhaOgqzBEcGM7yDIEfi0/8+8zDRZhNZZ2kjmHJ4hv3zCbQWxoJGz1iw5U0Jl0nma13xzHXcncMavQ=="
    }
  }
}
