name: 'Lock Threads'

on:
  schedule:
    - cron: '0 0 * * *'

permissions:
  issues: write
  pull-requests: write

concurrency:
  group: lock

jobs:
  lock:
    if: github.repository == 'apollographql/apollo-client'
    runs-on: ubuntu-latest
    steps:
      - uses: dessant/lock-threads@v4
        with:
          github-token: ${{ github.token }}
          log-output: true
          issue-inactive-days: '30'
          exclude-any-issue-labels: 'discussion'
          pr-inactive-days: '30'
          exclude-any-pr-labels: 'discussion'
